{
  "requires": true,
  "lockfileVersion": 1,
  "dependencies": {
    "classnames": {
      "version": "2.2.6",
      "resolved": "https://registry.npmjs.org/classnames/-/classnames-2.2.6.tgz",
      "integrity": "sha512-JR/iSQOSt+LQIWwrwEzJ9uk0xfN3mTVYMwt1Ir5mUcSN6pU+V4zQFFaJsclJbPuAUQH+yfWef6tm7l1quW3C8Q=="
    },
    "date-fns": {
      "version": "1.30.1",
      "resolved": "https://registry.npmjs.org/date-fns/-/date-fns-1.30.1.tgz",
      "integrity": "sha512-hBSVCvSmWC+QypYObzwGOd9wqdDpOt+0wl0KbU+R+uuZBS1jN8VsD1ss3irQDknRj5NvxiTF6oj/nDRnN/UQNw=="
    },
    "simple-react-calendar": {
      "version": "2.2.7",
      "resolved": "https://registry.npmjs.org/simple-react-calendar/-/simple-react-calendar-2.2.7.tgz",
      "integrity": "sha512-ROIOvErc2nw1rusLpMpMJ7I6LlTWjF7GbPMOVQ5ySERTDpYdnXUwOZViyHEk0oa5cQxV7LXgXW7Td8fg5nKrNA==",
      "requires": {
        "classnames": "^2.2.5",
        "date-fns": "^1.27.2"
      }
    }
  }
}
